{
  "originHash" : "ea456cbad1b08bca2264a33b8287079968d6dba0ba3cdfcb40992a628b46f00f",
  "pins" : [
    {
      "identity" : "in-app-payments-ios",
      "kind" : "remoteSourceControl",
      "location" : "https://github.com/square/in-app-payments-ios",
      "state" : {
        "revision" : "86c7ccef30c711cacf0b3bb53ec2feb8cc380eef",
        "version" : "1.6.4"
      }
    },
    {
      "identity" : "mobile-payments-sdk-ios",
      "kind" : "remoteSourceControl",
      "location" : "https://github.com/square/mobile-payments-sdk-ios",
      "state" : {
        "revision" : "278710818b073ddbc0fea5cc255b03d38c96fd14",
        "version" : "2.2.3"
      }
    }
  ],
  "version" : 3
}
